
Microsoft Visual Studio Solution File, Format Version 12.00
# Visual Studio Version 17
VisualStudioVersion = 17.0.31919.166
MinimumVisualStudioVersion = 10.0.40219.1
Project("{FAE04EC0-301F-11D3-BF4B-00C04F79EFBC}") = "EjercicioCoche", "EjercicioCoche\EjercicioCoche.csproj", "{3CF0AB75-8067-4858-8549-E2083C7481B2}"
EndProject
Project("{FAE04EC0-301F-11D3-BF4B-00C04F79EFBC}") = "TestCoche", "TestCoche\TestCoche.csproj", "{53A0BB7D-7673-486C-8454-D668CB807D56}"
EndProject
Global
	GlobalSection(SolutionConfigurationPlatforms) = preSolution
		Debug|Any CPU = Debug|Any CPU
		Release|Any CPU = Release|Any CPU
	EndGlobalSection
	GlobalSection(ProjectConfigurationPlatforms) = postSolution
		{3CF0AB75-8067-4858-8549-E2083C7481B2}.Debug|Any CPU.ActiveCfg = Debug|Any CPU
		{3CF0AB75-8067-4858-8549-E2083C7481B2}.Debug|Any CPU.Build.0 = Debug|Any CPU
		{3CF0AB75-8067-4858-8549-E2083C7481B2}.Release|Any CPU.ActiveCfg = Release|Any CPU
		{3CF0AB75-8067-4858-8549-E2083C7481B2}.Release|Any CPU.Build.0 = Release|Any CPU
		{53A0BB7D-7673-486C-8454-D668CB807D56}.Debug|Any CPU.ActiveCfg = Debug|Any CPU
		{53A0BB7D-7673-486C-8454-D668CB807D56}.Debug|Any CPU.Build.0 = Debug|Any CPU
		{53A0BB7D-7673-486C-8454-D668CB807D56}.Release|Any CPU.ActiveCfg = Release|Any CPU
		{53A0BB7D-7673-486C-8454-D668CB807D56}.Release|Any CPU.Build.0 = Release|Any CPU
	EndGlobalSection
	GlobalSection(SolutionProperties) = preSolution
		HideSolutionNode = FALSE
	EndGlobalSection
	GlobalSection(ExtensibilityGlobals) = postSolution
		SolutionGuid = {8A002B41-C36B-46A3-8CA5-172A9BB91FDB}
	EndGlobalSection
EndGlobal
